
Microsoft Visual Studio Solution File, Format Version 12.00
# Visual Studio 15
VisualStudioVersion = 15.0.28307.168
MinimumVisualStudioVersion = 10.0.40219.1
Project("{FAE04EC0-301F-11D3-BF4B-00C04F79EFBC}") = "App01_ConsultCep.Android", "App01_ConsultCep\App01_ConsultCep.Android\App01_ConsultCep.Android.csproj", "{F082FD8E-2567-42FF-8D64-BB6634CAC52A}"
EndProject
Project("{FAE04EC0-301F-11D3-BF4B-00C04F79EFBC}") = "App01_ConsultCep.iOS", "App01_ConsultCep\App01_ConsultCep.iOS\App01_ConsultCep.iOS.csproj", "{A5342C5B-C362-4081-998A-E835FC0FD164}"
EndProject
Project("{FAE04EC0-301F-11D3-BF4B-00C04F79EFBC}") = "App01_ConsultCep.UWP", "App01_ConsultCep\App01_ConsultCep.UWP\App01_ConsultCep.UWP.csproj", "{FEA7CEC7-5927-4CD2-9E64-028DC413C1FA}"
EndProject
Project("{FAE04EC0-301F-11D3-BF4B-00C04F79EFBC}") = "App01_ConsultCep", "App01_ConsultCep\App01_ConsultCep\App01_ConsultCep.csproj", "{FFFBF6F6-DC6E-4247-97A9-BF107ACB6D54}"
EndProject
Global
	GlobalSection(SolutionConfigurationPlatforms) = preSolution
		Ad-Hoc|Any CPU = Ad-Hoc|Any CPU
		Ad-Hoc|ARM = Ad-Hoc|ARM
		Ad-Hoc|iPhone = Ad-Hoc|iPhone
		Ad-Hoc|iPhoneSimulator = Ad-Hoc|iPhoneSimulator
		Ad-Hoc|x64 = Ad-Hoc|x64
		Ad-Hoc|x86 = Ad-Hoc|x86
		AppStore|Any CPU = AppStore|Any CPU
		AppStore|ARM = AppStore|ARM
		AppStore|iPhone = AppStore|iPhone
		AppStore|iPhoneSimulator = AppStore|iPhoneSimulator
		AppStore|x64 = AppStore|x64
		AppStore|x86 = AppStore|x86
		Debug|Any CPU = Debug|Any CPU
		Debug|ARM = Debug|ARM
		Debug|iPhone = Debug|iPhone
		Debug|iPhoneSimulator = Debug|iPhoneSimulator
		Debug|x64 = Debug|x64
		Debug|x86 = Debug|x86
		Release|Any CPU = Release|Any CPU
		Release|ARM = Release|ARM
		Release|iPhone = Release|iPhone
		Release|iPhoneSimulator = Release|iPhoneSimulator
		Release|x64 = Release|x64
		Release|x86 = Release|x86
	EndGlobalSection
	GlobalSection(ProjectConfigurationPlatforms) = postSolution
		{F082FD8E-2567-42FF-8D64-BB6634CAC52A}.Ad-Hoc|Any CPU.ActiveCfg = Release|Any CPU
		{F082FD8E-2567-42FF-8D64-BB6634CAC52A}.Ad-Hoc|Any CPU.Build.0 = Release|Any CPU
		{F082FD8E-2567-42FF-8D64-BB6634CAC52A}.Ad-Hoc|Any CPU.Deploy.0 = Release|Any CPU
		{F082FD8E-2567-42FF-8D64-BB6634CAC52A}.Ad-Hoc|ARM.ActiveCfg = Release|Any CPU
		{F082FD8E-2567-42FF-8D64-BB6634CAC52A}.Ad-Hoc|ARM.Build.0 = Release|Any CPU
		{F082FD8E-2567-42FF-8D64-BB6634CAC52A}.Ad-Hoc|ARM.Deploy.0 = Release|Any CPU
		{F082FD8E-2567-42FF-8D64-BB6634CAC52A}.Ad-Hoc|iPhone.ActiveCfg = Release|Any CPU
		{F082FD8E-2567-42FF-8D64-BB6634CAC52A}.Ad-Hoc|iPhone.Build.0 = Release|Any CPU
		{F082FD8E-2567-42FF-8D64-BB6634CAC52A}.Ad-Hoc|iPhone.Deploy.0 = Release|Any CPU
		{F082FD8E-2567-42FF-8D64-BB6634CAC52A}.Ad-Hoc|iPhoneSimulator.ActiveCfg = Release|Any CPU
		{F082FD8E-2567-42FF-8D64-BB6634CAC52A}.Ad-Hoc|iPhoneSimulator.Build.0 = Release|Any CPU
		{F082FD8E-2567-42FF-8D64-BB6634CAC52A}.Ad-Hoc|iPhoneSimulator.Deploy.0 = Release|Any CPU
		{F082FD8E-2567-42FF-8D64-BB6634CAC52A}.Ad-Hoc|x64.ActiveCfg = Release|Any CPU
		{F082FD8E-2567-42FF-8D64-BB6634CAC52A}.Ad-Hoc|x64.Build.0 = Release|Any CPU
		{F082FD8E-2567-42FF-8D64-BB6634CAC52A}.Ad-Hoc|x64.Deploy.0 = Release|Any CPU
		{F082FD8E-2567-42FF-8D64-BB6634CAC52A}.Ad-Hoc|x86.ActiveCfg = Release|Any CPU
		{F082FD8E-2567-42FF-8D64-BB6634CAC52A}.Ad-Hoc|x86.Build.0 = Release|Any CPU
		{F082FD8E-2567-42FF-8D64-BB6634CAC52A}.Ad-Hoc|x86.Deploy.0 = Release|Any CPU
		{F082FD8E-2567-42FF-8D64-BB6634CAC52A}.AppStore|Any CPU.ActiveCfg = Release|Any CPU
		{F082FD8E-2567-42FF-8D64-BB6634CAC52A}.AppStore|Any CPU.Build.0 = Release|Any CPU
		{F082FD8E-2567-42FF-8D64-BB6634CAC52A}.AppStore|Any CPU.Deploy.0 = Release|Any CPU
		{F082FD8E-2567-42FF-8D64-BB6634CAC52A}.AppStore|ARM.ActiveCfg = Release|Any CPU
		{F082FD8E-2567-42FF-8D64-BB6634CAC52A}.AppStore|ARM.Build.0 = Release|Any CPU
		{F082FD8E-2567-42FF-8D64-BB6634CAC52A}.AppStore|ARM.Deploy.0 = Release|Any CPU
		{F082FD8E-2567-42FF-8D64-BB6634CAC52A}.AppStore|iPhone.ActiveCfg = Release|Any CPU
		{F082FD8E-2567-42FF-8D64-BB6634CAC52A}.AppStore|iPhone.Build.0 = Release|Any CPU
		{F082FD8E-2567-42FF-8D64-BB6634CAC52A}.AppStore|iPhone.Deploy.0 = Release|Any CPU
		{F082FD8E-2567-42FF-8D64-BB6634CAC52A}.AppStore|iPhoneSimulator.ActiveCfg = Release|Any CPU
		{F082FD8E-2567-42FF-8D64-BB6634CAC52A}.AppStore|iPhoneSimulator.Build.0 = Release|Any CPU
		{F082FD8E-2567-42FF-8D64-BB6634CAC52A}.AppStore|iPhoneSimulator.Deploy.0 = Release|Any CPU
		{F082FD8E-2567-42FF-8D64-BB6634CAC52A}.AppStore|x64.ActiveCfg = Release|Any CPU
		{F082FD8E-2567-42FF-8D64-BB6634CAC52A}.AppStore|x64.Build.0 = Release|Any CPU
		{F082FD8E-2567-42FF-8D64-BB6634CAC52A}.AppStore|x64.Deploy.0 = Release|Any CPU
		{F082FD8E-2567-42FF-8D64-BB6634CAC52A}.AppStore|x86.ActiveCfg = Release|Any CPU
		{F082FD8E-2567-42FF-8D64-BB6634CAC52A}.AppStore|x86.Build.0 = Release|Any CPU
		{F082FD8E-2567-42FF-8D64-BB6634CAC52A}.AppStore|x86.Deploy.0 = Release|Any CPU
		{F082FD8E-2567-42FF-8D64-BB6634CAC52A}.Debug|Any CPU.ActiveCfg = Debug|Any CPU
		{F082FD8E-2567-42FF-8D64-BB6634CAC52A}.Debug|Any CPU.Build.0 = Debug|Any CPU
		{F082FD8E-2567-42FF-8D64-BB6634CAC52A}.Debug|Any CPU.Deploy.0 = Debug|Any CPU
		{F082FD8E-2567-42FF-8D64-BB6634CAC52A}.Debug|ARM.ActiveCfg = Debug|Any CPU
		{F082FD8E-2567-42FF-8D64-BB6634CAC52A}.Debug|ARM.Build.0 = Debug|Any CPU
		{F082FD8E-2567-42FF-8D64-BB6634CAC52A}.Debug|ARM.Deploy.0 = Debug|Any CPU
		{F082FD8E-2567-42FF-8D64-BB6634CAC52A}.Debug|iPhone.ActiveCfg = Debug|Any CPU
		{F082FD8E-2567-42FF-8D64-BB6634CAC52A}.Debug|iPhone.Build.0 = Debug|Any CPU
		{F082FD8E-2567-42FF-8D64-BB6634CAC52A}.Debug|iPhone.Deploy.0 = Debug|Any CPU
		{F082FD8E-2567-42FF-8D64-BB6634CAC52A}.Debug|iPhoneSimulator.ActiveCfg = Debug|Any CPU
		{F082FD8E-2567-42FF-8D64-BB6634CAC52A}.Debug|iPhoneSimulator.Build.0 = Debug|Any CPU
		{F082FD8E-2567-42FF-8D64-BB6634CAC52A}.Debug|iPhoneSimulator.Deploy.0 = Debug|Any CPU
		{F082FD8E-2567-42FF-8D64-BB6634CAC52A}.Debug|x64.ActiveCfg = Debug|Any CPU
		{F082FD8E-2567-42FF-8D64-BB6634CAC52A}.Debug|x64.Build.0 = Debug|Any CPU
		{F082FD8E-2567-42FF-8D64-BB6634CAC52A}.Debug|x64.Deploy.0 = Debug|Any CPU
		{F082FD8E-2567-42FF-8D64-BB6634CAC52A}.Debug|x86.ActiveCfg = Debug|Any CPU
		{F082FD8E-2567-42FF-8D64-BB6634CAC52A}.Debug|x86.Build.0 = Debug|Any CPU
		{F082FD8E-2567-42FF-8D64-BB6634CAC52A}.Debug|x86.Deploy.0 = Debug|Any CPU
		{F082FD8E-2567-42FF-8D64-BB6634CAC52A}.Release|Any CPU.ActiveCfg = Release|Any CPU
		{F082FD8E-2567-42FF-8D64-BB6634CAC52A}.Release|Any CPU.Build.0 = Release|Any CPU
		{F082FD8E-2567-42FF-8D64-BB6634CAC52A}.Release|Any CPU.Deploy.0 = Release|Any CPU
		{F082FD8E-2567-42FF-8D64-BB6634CAC52A}.Release|ARM.ActiveCfg = Release|Any CPU
		{F082FD8E-2567-42FF-8D64-BB6634CAC52A}.Release|ARM.Build.0 = Release|Any CPU
		{F082FD8E-2567-42FF-8D64-BB6634CAC52A}.Release|ARM.Deploy.0 = Release|Any CPU
		{F082FD8E-2567-42FF-8D64-BB6634CAC52A}.Release|iPhone.ActiveCfg = Release|Any CPU
		{F082FD8E-2567-42FF-8D64-BB6634CAC52A}.Release|iPhone.Build.0 = Release|Any CPU
		{F082FD8E-2567-42FF-8D64-BB6634CAC52A}.Release|iPhone.Deploy.0 = Release|Any CPU
		{F082FD8E-2567-42FF-8D64-BB6634CAC52A}.Release|iPhoneSimulator.ActiveCfg = Release|Any CPU
		{F082FD8E-2567-42FF-8D64-BB6634CAC52A}.Release|iPhoneSimulator.Build.0 = Release|Any CPU
		{F082FD8E-2567-42FF-8D64-BB6634CAC52A}.Release|iPhoneSimulator.Deploy.0 = Release|Any CPU
		{F082FD8E-2567-42FF-8D64-BB6634CAC52A}.Release|x64.ActiveCfg = Release|Any CPU
		{F082FD8E-2567-42FF-8D64-BB6634CAC52A}.Release|x64.Build.0 = Release|Any CPU
		{F082FD8E-2567-42FF-8D64-BB6634CAC52A}.Release|x64.Deploy.0 = Release|Any CPU
		{F082FD8E-2567-42FF-8D64-BB6634CAC52A}.Release|x86.ActiveCfg = Release|Any CPU
		{F082FD8E-2567-42FF-8D64-BB6634CAC52A}.Release|x86.Build.0 = Release|Any CPU
		{F082FD8E-2567-42FF-8D64-BB6634CAC52A}.Release|x86.Deploy.0 = Release|Any CPU
		{A5342C5B-C362-4081-998A-E835FC0FD164}.Ad-Hoc|Any CPU.ActiveCfg = Ad-Hoc|iPhone
		{A5342C5B-C362-4081-998A-E835FC0FD164}.Ad-Hoc|Any CPU.Build.0 = Ad-Hoc|iPhone
		{A5342C5B-C362-4081-998A-E835FC0FD164}.Ad-Hoc|Any CPU.Deploy.0 = Ad-Hoc|iPhone
		{A5342C5B-C362-4081-998A-E835FC0FD164}.Ad-Hoc|ARM.ActiveCfg = Ad-Hoc|iPhone
		{A5342C5B-C362-4081-998A-E835FC0FD164}.Ad-Hoc|ARM.Build.0 = Ad-Hoc|iPhone
		{A5342C5B-C362-4081-998A-E835FC0FD164}.Ad-Hoc|ARM.Deploy.0 = Ad-Hoc|iPhone
		{A5342C5B-C362-4081-998A-E835FC0FD164}.Ad-Hoc|iPhone.ActiveCfg = Ad-Hoc|iPhone
		{A5342C5B-C362-4081-998A-E835FC0FD164}.Ad-Hoc|iPhone.Build.0 = Ad-Hoc|iPhone
		{A5342C5B-C362-4081-998A-E835FC0FD164}.Ad-Hoc|iPhone.Deploy.0 = Ad-Hoc|iPhone
		{A5342C5B-C362-4081-998A-E835FC0FD164}.Ad-Hoc|iPhoneSimulator.ActiveCfg = Ad-Hoc|iPhoneSimulator
		{A5342C5B-C362-4081-998A-E835FC0FD164}.Ad-Hoc|iPhoneSimulator.Build.0 = Ad-Hoc|iPhoneSimulator
		{A5342C5B-C362-4081-998A-E835FC0FD164}.Ad-Hoc|iPhoneSimulator.Deploy.0 = Ad-Hoc|iPhoneSimulator
		{A5342C5B-C362-4081-998A-E835FC0FD164}.Ad-Hoc|x64.ActiveCfg = Ad-Hoc|iPhone
		{A5342C5B-C362-4081-998A-E835FC0FD164}.Ad-Hoc|x64.Build.0 = Ad-Hoc|iPhone
		{A5342C5B-C362-4081-998A-E835FC0FD164}.Ad-Hoc|x64.Deploy.0 = Ad-Hoc|iPhone
		{A5342C5B-C362-4081-998A-E835FC0FD164}.Ad-Hoc|x86.ActiveCfg = Ad-Hoc|iPhone
		{A5342C5B-C362-4081-998A-E835FC0FD164}.Ad-Hoc|x86.Build.0 = Ad-Hoc|iPhone
		{A5342C5B-C362-4081-998A-E835FC0FD164}.Ad-Hoc|x86.Deploy.0 = Ad-Hoc|iPhone
		{A5342C5B-C362-4081-998A-E835FC0FD164}.AppStore|Any CPU.ActiveCfg = AppStore|iPhone
		{A5342C5B-C362-4081-998A-E835FC0FD164}.AppStore|Any CPU.Build.0 = AppStore|iPhone
		{A5342C5B-C362-4081-998A-E835FC0FD164}.AppStore|Any CPU.Deploy.0 = AppStore|iPhone
		{A5342C5B-C362-4081-998A-E835FC0FD164}.AppStore|ARM.ActiveCfg = AppStore|iPhone
		{A5342C5B-C362-4081-998A-E835FC0FD164}.AppStore|ARM.Build.0 = AppStore|iPhone
		{A5342C5B-C362-4081-998A-E835FC0FD164}.AppStore|ARM.Deploy.0 = AppStore|iPhone
		{A5342C5B-C362-4081-998A-E835FC0FD164}.AppStore|iPhone.ActiveCfg = AppStore|iPhone
		{A5342C5B-C362-4081-998A-E835FC0FD164}.AppStore|iPhone.Build.0 = AppStore|iPhone
		{A5342C5B-C362-4081-998A-E835FC0FD164}.AppStore|iPhone.Deploy.0 = AppStore|iPhone
		{A5342C5B-C362-4081-998A-E835FC0FD164}.AppStore|iPhoneSimulator.ActiveCfg = AppStore|iPhoneSimulator
		{A5342C5B-C362-4081-998A-E835FC0FD164}.AppStore|iPhoneSimulator.Build.0 = AppStore|iPhoneSimulator
		{A5342C5B-C362-4081-998A-E835FC0FD164}.AppStore|iPhoneSimulator.Deploy.0 = AppStore|iPhoneSimulator
		{A5342C5B-C362-4081-998A-E835FC0FD164}.AppStore|x64.ActiveCfg = AppStore|iPhone
		{A5342C5B-C362-4081-998A-E835FC0FD164}.AppStore|x64.Build.0 = AppStore|iPhone
		{A5342C5B-C362-4081-998A-E835FC0FD164}.AppStore|x64.Deploy.0 = AppStore|iPhone
		{A5342C5B-C362-4081-998A-E835FC0FD164}.AppStore|x86.ActiveCfg = AppStore|iPhone
		{A5342C5B-C362-4081-998A-E835FC0FD164}.AppStore|x86.Build.0 = AppStore|iPhone
		{A5342C5B-C362-4081-998A-E835FC0FD164}.AppStore|x86.Deploy.0 = AppStore|iPhone
		{A5342C5B-C362-4081-998A-E835FC0FD164}.Debug|Any CPU.ActiveCfg = Debug|iPhoneSimulator
		{A5342C5B-C362-4081-998A-E835FC0FD164}.Debug|Any CPU.Build.0 = Debug|iPhoneSimulator
		{A5342C5B-C362-4081-998A-E835FC0FD164}.Debug|Any CPU.Deploy.0 = Debug|iPhoneSimulator
		{A5342C5B-C362-4081-998A-E835FC0FD164}.Debug|ARM.ActiveCfg = Debug|iPhone
		{A5342C5B-C362-4081-998A-E835FC0FD164}.Debug|ARM.Build.0 = Debug|iPhone
		{A5342C5B-C362-4081-998A-E835FC0FD164}.Debug|ARM.Deploy.0 = Debug|iPhone
		{A5342C5B-C362-4081-998A-E835FC0FD164}.Debug|iPhone.ActiveCfg = Debug|iPhone
		{A5342C5B-C362-4081-998A-E835FC0FD164}.Debug|iPhone.Build.0 = Debug|iPhone
		{A5342C5B-C362-4081-998A-E835FC0FD164}.Debug|iPhone.Deploy.0 = Debug|iPhone
		{A5342C5B-C362-4081-998A-E835FC0FD164}.Debug|iPhoneSimulator.ActiveCfg = Debug|iPhoneSimulator
		{A5342C5B-C362-4081-998A-E835FC0FD164}.Debug|iPhoneSimulator.Build.0 = Debug|iPhoneSimulator
		{A5342C5B-C362-4081-998A-E835FC0FD164}.Debug|iPhoneSimulator.Deploy.0 = Debug|iPhoneSimulator
		{A5342C5B-C362-4081-998A-E835FC0FD164}.Debug|x64.ActiveCfg = Debug|iPhone
		{A5342C5B-C362-4081-998A-E835FC0FD164}.Debug|x64.Build.0 = Debug|iPhone
		{A5342C5B-C362-4081-998A-E835FC0FD164}.Debug|x64.Deploy.0 = Debug|iPhone
		{A5342C5B-C362-4081-998A-E835FC0FD164}.Debug|x86.ActiveCfg = Debug|iPhone
		{A5342C5B-C362-4081-998A-E835FC0FD164}.Debug|x86.Build.0 = Debug|iPhone
		{A5342C5B-C362-4081-998A-E835FC0FD164}.Debug|x86.Deploy.0 = Debug|iPhone
		{A5342C5B-C362-4081-998A-E835FC0FD164}.Release|Any CPU.ActiveCfg = Release|iPhone
		{A5342C5B-C362-4081-998A-E835FC0FD164}.Release|Any CPU.Build.0 = Release|iPhone
		{A5342C5B-C362-4081-998A-E835FC0FD164}.Release|Any CPU.Deploy.0 = Release|iPhone
		{A5342C5B-C362-4081-998A-E835FC0FD164}.Release|ARM.ActiveCfg = Release|iPhone
		{A5342C5B-C362-4081-998A-E835FC0FD164}.Release|ARM.Build.0 = Release|iPhone
		{A5342C5B-C362-4081-998A-E835FC0FD164}.Release|ARM.Deploy.0 = Release|iPhone
		{A5342C5B-C362-4081-998A-E835FC0FD164}.Release|iPhone.ActiveCfg = Release|iPhone
		{A5342C5B-C362-4081-998A-E835FC0FD164}.Release|iPhone.Build.0 = Release|iPhone
		{A5342C5B-C362-4081-998A-E835FC0FD164}.Release|iPhone.Deploy.0 = Release|iPhone
		{A5342C5B-C362-4081-998A-E835FC0FD164}.Release|iPhoneSimulator.ActiveCfg = Release|iPhoneSimulator
		{A5342C5B-C362-4081-998A-E835FC0FD164}.Release|iPhoneSimulator.Build.0 = Release|iPhoneSimulator
		{A5342C5B-C362-4081-998A-E835FC0FD164}.Release|iPhoneSimulator.Deploy.0 = Release|iPhoneSimulator
		{A5342C5B-C362-4081-998A-E835FC0FD164}.Release|x64.ActiveCfg = Release|iPhone
		{A5342C5B-C362-4081-998A-E835FC0FD164}.Release|x64.Build.0 = Release|iPhone
		{A5342C5B-C362-4081-998A-E835FC0FD164}.Release|x64.Deploy.0 = Release|iPhone
		{A5342C5B-C362-4081-998A-E835FC0FD164}.Release|x86.ActiveCfg = Release|iPhone
		{A5342C5B-C362-4081-998A-E835FC0FD164}.Release|x86.Build.0 = Release|iPhone
		{A5342C5B-C362-4081-998A-E835FC0FD164}.Release|x86.Deploy.0 = Release|iPhone
		{FEA7CEC7-5927-4CD2-9E64-028DC413C1FA}.Ad-Hoc|Any CPU.ActiveCfg = Release|x86
		{FEA7CEC7-5927-4CD2-9E64-028DC413C1FA}.Ad-Hoc|Any CPU.Build.0 = Release|x86
		{FEA7CEC7-5927-4CD2-9E64-028DC413C1FA}.Ad-Hoc|Any CPU.Deploy.0 = Release|x86
		{FEA7CEC7-5927-4CD2-9E64-028DC413C1FA}.Ad-Hoc|ARM.ActiveCfg = Release|ARM
		{FEA7CEC7-5927-4CD2-9E64-028DC413C1FA}.Ad-Hoc|ARM.Build.0 = Release|ARM
		{FEA7CEC7-5927-4CD2-9E64-028DC413C1FA}.Ad-Hoc|ARM.Deploy.0 = Release|ARM
		{FEA7CEC7-5927-4CD2-9E64-028DC413C1FA}.Ad-Hoc|iPhone.ActiveCfg = Release|x86
		{FEA7CEC7-5927-4CD2-9E64-028DC413C1FA}.Ad-Hoc|iPhone.Build.0 = Release|x86
		{FEA7CEC7-5927-4CD2-9E64-028DC413C1FA}.Ad-Hoc|iPhone.Deploy.0 = Release|x86
		{FEA7CEC7-5927-4CD2-9E64-028DC413C1FA}.Ad-Hoc|iPhoneSimulator.ActiveCfg = Release|x86
		{FEA7CEC7-5927-4CD2-9E64-028DC413C1FA}.Ad-Hoc|iPhoneSimulator.Build.0 = Release|x86
		{FEA7CEC7-5927-4CD2-9E64-028DC413C1FA}.Ad-Hoc|iPhoneSimulator.Deploy.0 = Release|x86
		{FEA7CEC7-5927-4CD2-9E64-028DC413C1FA}.Ad-Hoc|x64.ActiveCfg = Release|x64
		{FEA7CEC7-5927-4CD2-9E64-028DC413C1FA}.Ad-Hoc|x64.Build.0 = Release|x64
		{FEA7CEC7-5927-4CD2-9E64-028DC413C1FA}.Ad-Hoc|x64.Deploy.0 = Release|x64
		{FEA7CEC7-5927-4CD2-9E64-028DC413C1FA}.Ad-Hoc|x86.ActiveCfg = Release|x86
		{FEA7CEC7-5927-4CD2-9E64-028DC413C1FA}.Ad-Hoc|x86.Build.0 = Release|x86
		{FEA7CEC7-5927-4CD2-9E64-028DC413C1FA}.Ad-Hoc|x86.Deploy.0 = Release|x86
		{FEA7CEC7-5927-4CD2-9E64-028DC413C1FA}.AppStore|Any CPU.ActiveCfg = Release|x86
		{FEA7CEC7-5927-4CD2-9E64-028DC413C1FA}.AppStore|Any CPU.Build.0 = Release|x86
		{FEA7CEC7-5927-4CD2-9E64-028DC413C1FA}.AppStore|Any CPU.Deploy.0 = Release|x86
		{FEA7CEC7-5927-4CD2-9E64-028DC413C1FA}.AppStore|ARM.ActiveCfg = Release|ARM
		{FEA7CEC7-5927-4CD2-9E64-028DC413C1FA}.AppStore|ARM.Build.0 = Release|ARM
		{FEA7CEC7-5927-4CD2-9E64-028DC413C1FA}.AppStore|ARM.Deploy.0 = Release|ARM
		{FEA7CEC7-5927-4CD2-9E64-028DC413C1FA}.AppStore|iPhone.ActiveCfg = Release|x86
		{FEA7CEC7-5927-4CD2-9E64-028DC413C1FA}.AppStore|iPhone.Build.0 = Release|x86
		{FEA7CEC7-5927-4CD2-9E64-028DC413C1FA}.AppStore|iPhone.Deploy.0 = Release|x86
		{FEA7CEC7-5927-4CD2-9E64-028DC413C1FA}.AppStore|iPhoneSimulator.ActiveCfg = Release|x86
		{FEA7CEC7-5927-4CD2-9E64-028DC413C1FA}.AppStore|iPhoneSimulator.Build.0 = Release|x86
		{FEA7CEC7-5927-4CD2-9E64-028DC413C1FA}.AppStore|iPhoneSimulator.Deploy.0 = Release|x86
		{FEA7CEC7-5927-4CD2-9E64-028DC413C1FA}.AppStore|x64.ActiveCfg = Release|x64
		{FEA7CEC7-5927-4CD2-9E64-028DC413C1FA}.AppStore|x64.Build.0 = Release|x64
		{FEA7CEC7-5927-4CD2-9E64-028DC413C1FA}.AppStore|x64.Deploy.0 = Release|x64
		{FEA7CEC7-5927-4CD2-9E64-028DC413C1FA}.AppStore|x86.ActiveCfg = Release|x86
		{FEA7CEC7-5927-4CD2-9E64-028DC413C1FA}.AppStore|x86.Build.0 = Release|x86
		{FEA7CEC7-5927-4CD2-9E64-028DC413C1FA}.AppStore|x86.Deploy.0 = Release|x86
		{FEA7CEC7-5927-4CD2-9E64-028DC413C1FA}.Debug|Any CPU.ActiveCfg = Debug|x86
		{FEA7CEC7-5927-4CD2-9E64-028DC413C1FA}.Debug|Any CPU.Build.0 = Debug|x86
		{FEA7CEC7-5927-4CD2-9E64-028DC413C1FA}.Debug|Any CPU.Deploy.0 = Debug|x86
		{FEA7CEC7-5927-4CD2-9E64-028DC413C1FA}.Debug|ARM.ActiveCfg = Debug|ARM
		{FEA7CEC7-5927-4CD2-9E64-028DC413C1FA}.Debug|ARM.Build.0 = Debug|ARM
		{FEA7CEC7-5927-4CD2-9E64-028DC413C1FA}.Debug|ARM.Deploy.0 = Debug|ARM
		{FEA7CEC7-5927-4CD2-9E64-028DC413C1FA}.Debug|iPhone.ActiveCfg = Debug|x86
		{FEA7CEC7-5927-4CD2-9E64-028DC413C1FA}.Debug|iPhone.Build.0 = Debug|x86
		{FEA7CEC7-5927-4CD2-9E64-028DC413C1FA}.Debug|iPhone.Deploy.0 = Debug|x86
		{FEA7CEC7-5927-4CD2-9E64-028DC413C1FA}.Debug|iPhoneSimulator.ActiveCfg = Debug|x86
		{FEA7CEC7-5927-4CD2-9E64-028DC413C1FA}.Debug|iPhoneSimulator.Build.0 = Debug|x86
		{FEA7CEC7-5927-4CD2-9E64-028DC413C1FA}.Debug|iPhoneSimulator.Deploy.0 = Debug|x86
		{FEA7CEC7-5927-4CD2-9E64-028DC413C1FA}.Debug|x64.ActiveCfg = Debug|x64
		{FEA7CEC7-5927-4CD2-9E64-028DC413C1FA}.Debug|x64.Build.0 = Debug|x64
		{FEA7CEC7-5927-4CD2-9E64-028DC413C1FA}.Debug|x64.Deploy.0 = Debug|x64
		{FEA7CEC7-5927-4CD2-9E64-028DC413C1FA}.Debug|x86.ActiveCfg = Debug|x86
		{FEA7CEC7-5927-4CD2-9E64-028DC413C1FA}.Debug|x86.Build.0 = Debug|x86
		{FEA7CEC7-5927-4CD2-9E64-028DC413C1FA}.Debug|x86.Deploy.0 = Debug|x86
		{FEA7CEC7-5927-4CD2-9E64-028DC413C1FA}.Release|Any CPU.ActiveCfg = Release|x86
		{FEA7CEC7-5927-4CD2-9E64-028DC413C1FA}.Release|Any CPU.Build.0 = Release|x86
		{FEA7CEC7-5927-4CD2-9E64-028DC413C1FA}.Release|Any CPU.Deploy.0 = Release|x86
		{FEA7CEC7-5927-4CD2-9E64-028DC413C1FA}.Release|ARM.ActiveCfg = Release|ARM
		{FEA7CEC7-5927-4CD2-9E64-028DC413C1FA}.Release|ARM.Build.0 = Release|ARM
		{FEA7CEC7-5927-4CD2-9E64-028DC413C1FA}.Release|ARM.Deploy.0 = Release|ARM
		{FEA7CEC7-5927-4CD2-9E64-028DC413C1FA}.Release|iPhone.ActiveCfg = Release|x86
		{FEA7CEC7-5927-4CD2-9E64-028DC413C1FA}.Release|iPhone.Build.0 = Release|x86
		{FEA7CEC7-5927-4CD2-9E64-028DC413C1FA}.Release|iPhone.Deploy.0 = Release|x86
		{FEA7CEC7-5927-4CD2-9E64-028DC413C1FA}.Release|iPhoneSimulator.ActiveCfg = Release|x86
		{FEA7CEC7-5927-4CD2-9E64-028DC413C1FA}.Release|iPhoneSimulator.Build.0 = Release|x86
		{FEA7CEC7-5927-4CD2-9E64-028DC413C1FA}.Release|iPhoneSimulator.Deploy.0 = Release|x86
		{FEA7CEC7-5927-4CD2-9E64-028DC413C1FA}.Release|x64.ActiveCfg = Release|x64
		{FEA7CEC7-5927-4CD2-9E64-028DC413C1FA}.Release|x64.Build.0 = Release|x64
		{FEA7CEC7-5927-4CD2-9E64-028DC413C1FA}.Release|x64.Deploy.0 = Release|x64
		{FEA7CEC7-5927-4CD2-9E64-028DC413C1FA}.Release|x86.ActiveCfg = Release|x86
		{FEA7CEC7-5927-4CD2-9E64-028DC413C1FA}.Release|x86.Build.0 = Release|x86
		{FEA7CEC7-5927-4CD2-9E64-028DC413C1FA}.Release|x86.Deploy.0 = Release|x86
		{FFFBF6F6-DC6E-4247-97A9-BF107ACB6D54}.Ad-Hoc|Any CPU.ActiveCfg = Debug|Any CPU
		{FFFBF6F6-DC6E-4247-97A9-BF107ACB6D54}.Ad-Hoc|Any CPU.Build.0 = Debug|Any CPU
		{FFFBF6F6-DC6E-4247-97A9-BF107ACB6D54}.Ad-Hoc|Any CPU.Deploy.0 = Debug|Any CPU
		{FFFBF6F6-DC6E-4247-97A9-BF107ACB6D54}.Ad-Hoc|ARM.ActiveCfg = Debug|Any CPU
		{FFFBF6F6-DC6E-4247-97A9-BF107ACB6D54}.Ad-Hoc|ARM.Build.0 = Debug|Any CPU
		{FFFBF6F6-DC6E-4247-97A9-BF107ACB6D54}.Ad-Hoc|ARM.Deploy.0 = Debug|Any CPU
		{FFFBF6F6-DC6E-4247-97A9-BF107ACB6D54}.Ad-Hoc|iPhone.ActiveCfg = Debug|Any CPU
		{FFFBF6F6-DC6E-4247-97A9-BF107ACB6D54}.Ad-Hoc|iPhone.Build.0 = Debug|Any CPU
		{FFFBF6F6-DC6E-4247-97A9-BF107ACB6D54}.Ad-Hoc|iPhone.Deploy.0 = Debug|Any CPU
		{FFFBF6F6-DC6E-4247-97A9-BF107ACB6D54}.Ad-Hoc|iPhoneSimulator.ActiveCfg = Debug|Any CPU
		{FFFBF6F6-DC6E-4247-97A9-BF107ACB6D54}.Ad-Hoc|iPhoneSimulator.Build.0 = Debug|Any CPU
		{FFFBF6F6-DC6E-4247-97A9-BF107ACB6D54}.Ad-Hoc|iPhoneSimulator.Deploy.0 = Debug|Any CPU
		{FFFBF6F6-DC6E-4247-97A9-BF107ACB6D54}.Ad-Hoc|x64.ActiveCfg = Debug|Any CPU
		{FFFBF6F6-DC6E-4247-97A9-BF107ACB6D54}.Ad-Hoc|x64.Build.0 = Debug|Any CPU
		{FFFBF6F6-DC6E-4247-97A9-BF107ACB6D54}.Ad-Hoc|x64.Deploy.0 = Debug|Any CPU
		{FFFBF6F6-DC6E-4247-97A9-BF107ACB6D54}.Ad-Hoc|x86.ActiveCfg = Debug|Any CPU
		{FFFBF6F6-DC6E-4247-97A9-BF107ACB6D54}.Ad-Hoc|x86.Build.0 = Debug|Any CPU
		{FFFBF6F6-DC6E-4247-97A9-BF107ACB6D54}.Ad-Hoc|x86.Deploy.0 = Debug|Any CPU
		{FFFBF6F6-DC6E-4247-97A9-BF107ACB6D54}.AppStore|Any CPU.ActiveCfg = Debug|Any CPU
		{FFFBF6F6-DC6E-4247-97A9-BF107ACB6D54}.AppStore|Any CPU.Build.0 = Debug|Any CPU
		{FFFBF6F6-DC6E-4247-97A9-BF107ACB6D54}.AppStore|Any CPU.Deploy.0 = Debug|Any CPU
		{FFFBF6F6-DC6E-4247-97A9-BF107ACB6D54}.AppStore|ARM.ActiveCfg = Debug|Any CPU
		{FFFBF6F6-DC6E-4247-97A9-BF107ACB6D54}.AppStore|ARM.Build.0 = Debug|Any CPU
		{FFFBF6F6-DC6E-4247-97A9-BF107ACB6D54}.AppStore|ARM.Deploy.0 = Debug|Any CPU
		{FFFBF6F6-DC6E-4247-97A9-BF107ACB6D54}.AppStore|iPhone.ActiveCfg = Debug|Any CPU
		{FFFBF6F6-DC6E-4247-97A9-BF107ACB6D54}.AppStore|iPhone.Build.0 = Debug|Any CPU
		{FFFBF6F6-DC6E-4247-97A9-BF107ACB6D54}.AppStore|iPhone.Deploy.0 = Debug|Any CPU
		{FFFBF6F6-DC6E-4247-97A9-BF107ACB6D54}.AppStore|iPhoneSimulator.ActiveCfg = Debug|Any CPU
		{FFFBF6F6-DC6E-4247-97A9-BF107ACB6D54}.AppStore|iPhoneSimulator.Build.0 = Debug|Any CPU
		{FFFBF6F6-DC6E-4247-97A9-BF107ACB6D54}.AppStore|iPhoneSimulator.Deploy.0 = Debug|Any CPU
		{FFFBF6F6-DC6E-4247-97A9-BF107ACB6D54}.AppStore|x64.ActiveCfg = Debug|Any CPU
		{FFFBF6F6-DC6E-4247-97A9-BF107ACB6D54}.AppStore|x64.Build.0 = Debug|Any CPU
		{FFFBF6F6-DC6E-4247-97A9-BF107ACB6D54}.AppStore|x64.Deploy.0 = Debug|Any CPU
		{FFFBF6F6-DC6E-4247-97A9-BF107ACB6D54}.AppStore|x86.ActiveCfg = Debug|Any CPU
		{FFFBF6F6-DC6E-4247-97A9-BF107ACB6D54}.AppStore|x86.Build.0 = Debug|Any CPU
		{FFFBF6F6-DC6E-4247-97A9-BF107ACB6D54}.AppStore|x86.Deploy.0 = Debug|Any CPU
		{FFFBF6F6-DC6E-4247-97A9-BF107ACB6D54}.Debug|Any CPU.ActiveCfg = Debug|Any CPU
		{FFFBF6F6-DC6E-4247-97A9-BF107ACB6D54}.Debug|Any CPU.Build.0 = Debug|Any CPU
		{FFFBF6F6-DC6E-4247-97A9-BF107ACB6D54}.Debug|Any CPU.Deploy.0 = Debug|Any CPU
		{FFFBF6F6-DC6E-4247-97A9-BF107ACB6D54}.Debug|ARM.ActiveCfg = Debug|Any CPU
		{FFFBF6F6-DC6E-4247-97A9-BF107ACB6D54}.Debug|ARM.Build.0 = Debug|Any CPU
		{FFFBF6F6-DC6E-4247-97A9-BF107ACB6D54}.Debug|ARM.Deploy.0 = Debug|Any CPU
		{FFFBF6F6-DC6E-4247-97A9-BF107ACB6D54}.Debug|iPhone.ActiveCfg = Debug|Any CPU
		{FFFBF6F6-DC6E-4247-97A9-BF107ACB6D54}.Debug|iPhone.Build.0 = Debug|Any CPU
		{FFFBF6F6-DC6E-4247-97A9-BF107ACB6D54}.Debug|iPhone.Deploy.0 = Debug|Any CPU
		{FFFBF6F6-DC6E-4247-97A9-BF107ACB6D54}.Debug|iPhoneSimulator.ActiveCfg = Debug|Any CPU
		{FFFBF6F6-DC6E-4247-97A9-BF107ACB6D54}.Debug|iPhoneSimulator.Build.0 = Debug|Any CPU
		{FFFBF6F6-DC6E-4247-97A9-BF107ACB6D54}.Debug|iPhoneSimulator.Deploy.0 = Debug|Any CPU
		{FFFBF6F6-DC6E-4247-97A9-BF107ACB6D54}.Debug|x64.ActiveCfg = Debug|Any CPU
		{FFFBF6F6-DC6E-4247-97A9-BF107ACB6D54}.Debug|x64.Build.0 = Debug|Any CPU
		{FFFBF6F6-DC6E-4247-97A9-BF107ACB6D54}.Debug|x64.Deploy.0 = Debug|Any CPU
		{FFFBF6F6-DC6E-4247-97A9-BF107ACB6D54}.Debug|x86.ActiveCfg = Debug|Any CPU
		{FFFBF6F6-DC6E-4247-97A9-BF107ACB6D54}.Debug|x86.Build.0 = Debug|Any CPU
		{FFFBF6F6-DC6E-4247-97A9-BF107ACB6D54}.Debug|x86.Deploy.0 = Debug|Any CPU
		{FFFBF6F6-DC6E-4247-97A9-BF107ACB6D54}.Release|Any CPU.ActiveCfg = Release|Any CPU
		{FFFBF6F6-DC6E-4247-97A9-BF107ACB6D54}.Release|Any CPU.Build.0 = Release|Any CPU
		{FFFBF6F6-DC6E-4247-97A9-BF107ACB6D54}.Release|Any CPU.Deploy.0 = Release|Any CPU
		{FFFBF6F6-DC6E-4247-97A9-BF107ACB6D54}.Release|ARM.ActiveCfg = Release|Any CPU
		{FFFBF6F6-DC6E-4247-97A9-BF107ACB6D54}.Release|ARM.Build.0 = Release|Any CPU
		{FFFBF6F6-DC6E-4247-97A9-BF107ACB6D54}.Release|ARM.Deploy.0 = Release|Any CPU
		{FFFBF6F6-DC6E-4247-97A9-BF107ACB6D54}.Release|iPhone.ActiveCfg = Release|Any CPU
		{FFFBF6F6-DC6E-4247-97A9-BF107ACB6D54}.Release|iPhone.Build.0 = Release|Any CPU
		{FFFBF6F6-DC6E-4247-97A9-BF107ACB6D54}.Release|iPhone.Deploy.0 = Release|Any CPU
		{FFFBF6F6-DC6E-4247-97A9-BF107ACB6D54}.Release|iPhoneSimulator.ActiveCfg = Release|Any CPU
		{FFFBF6F6-DC6E-4247-97A9-BF107ACB6D54}.Release|iPhoneSimulator.Build.0 = Release|Any CPU
		{FFFBF6F6-DC6E-4247-97A9-BF107ACB6D54}.Release|iPhoneSimulator.Deploy.0 = Release|Any CPU
		{FFFBF6F6-DC6E-4247-97A9-BF107ACB6D54}.Release|x64.ActiveCfg = Release|Any CPU
		{FFFBF6F6-DC6E-4247-97A9-BF107ACB6D54}.Release|x64.Build.0 = Release|Any CPU
		{FFFBF6F6-DC6E-4247-97A9-BF107ACB6D54}.Release|x64.Deploy.0 = Release|Any CPU
		{FFFBF6F6-DC6E-4247-97A9-BF107ACB6D54}.Release|x86.ActiveCfg = Release|Any CPU
		{FFFBF6F6-DC6E-4247-97A9-BF107ACB6D54}.Release|x86.Build.0 = Release|Any CPU
		{FFFBF6F6-DC6E-4247-97A9-BF107ACB6D54}.Release|x86.Deploy.0 = Release|Any CPU
	EndGlobalSection
	GlobalSection(SolutionProperties) = preSolution
		HideSolutionNode = FALSE
	EndGlobalSection
	GlobalSection(ExtensibilityGlobals) = postSolution
		SolutionGuid = {CBAEC046-CC0E-467F-A24C-E5FFD7B4DCF8}
	EndGlobalSection
EndGlobal
